{
    "name": "rhymepass",
    "version": "1.0.0",
    "lockfileVersion": 3,
    "requires": true,
    "packages": {
        "": {
            "name": "rhymepass",
            "version": "1.0.0",
            "license": "ISC",
            "dependencies": {
                "@types/node": "^20.5.6",
                "en-inflectors": "^1.0.12"
            },
            "devDependencies": {
                "typescript": "^5.2.2"
            }
        },
        "node_modules/@types/node": {
            "version": "20.5.6",
            "resolved": "https://registry.npmjs.org/@types/node/-/node-20.5.6.tgz",
            "integrity": "sha512-Gi5wRGPbbyOTX+4Y2iULQ27oUPrefaB0PxGQJnfyWN3kvEDGM3mIB5M/gQLmitZf7A9FmLeaqxD3L1CXpm3VKQ=="
        },
        "node_modules/en-inflectors": {
            "version": "1.0.12",
            "resolved": "https://registry.npmjs.org/en-inflectors/-/en-inflectors-1.0.12.tgz",
            "integrity": "sha512-G9wwJMx9DQQzwom8J8e8ErVpI6h/Z5BpYusJCE2Q/2NfgBNYCesyNaCOOskZAhOrw2nmR4D8nYAv4Xv/INIbzw==",
            "dependencies": {
                "en-stemmer": "^1.0.2"
            }
        },
        "node_modules/en-stemmer": {
            "version": "1.0.3",
            "resolved": "https://registry.npmjs.org/en-stemmer/-/en-stemmer-1.0.3.tgz",
            "integrity": "sha512-sBeYsHLqZWACn/mTRLAMdYb/A53s55r4/nCB2UjKK96EBuRQ4t4GKl4V1pW/0hvzdncfYlZRT+JSIRxCtoYqbA=="
        },
        "node_modules/typescript": {
            "version": "5.2.2",
            "resolved": "https://registry.npmjs.org/typescript/-/typescript-5.2.2.tgz",
            "integrity": "sha512-mI4WrpHsbCIcwT9cF4FZvr80QUeKvsUsUvKDoR+X/7XHQH98xYD8YHZg7ANtz2GtZt/CBq2QJ0thkGJMHfqc1w==",
            "dev": true,
            "bin": {
                "tsc": "bin/tsc",
                "tsserver": "bin/tsserver"
            },
            "engines": {
                "node": ">=14.17"
            }
        }
    }
}
